# This file is automatically @generated by Cargo.
# It is not intended for manual editing.
version = 4

[[package]]
name = "aho-corasick"
version = "1.1.4"
source = "registry+https://github.com/rust-lang/crates.io-index"
checksum = "ddd31a130427c27518df266943a5308ed92d4b226cc639f5a8f1002816174301"
dependencies = [
 "memchr",
]

[[package]]
name = "anstream"
version = "1.0.0"
source = "registry+https://github.com/rust-lang/crates.io-index"
checksum = "824a212faf96e9acacdbd09febd34438f8f711fb84e09a8916013cd7815ca28d"
dependencies = [
 "anstyle",
 "anstyle-parse",
 "anstyle-query",
 "anstyle-wincon",
 "colorchoice",
 "is_terminal_polyfill",
 "utf8parse",
]

[[package]]
name = "anstyle"
version = "1.0.14"
source = "registry+https://github.com/rust-lang/crates.io-index"
checksum = "940b3a0ca603d1eade50a4846a2afffd5ef57a9feac2c0e2ec2e14f9ead76000"

[[package]]
name = "anstyle-parse"
version = "1.0.0"
source = "registry+https://github.com/rust-lang/crates.io-index"
checksum = "52ce7f38b242319f7cabaa6813055467063ecdc9d355bbb4ce0c68908cd8130e"
dependencies = [
 "utf8parse",
]

[[package]]
name = "anstyle-query"
version = "1.1.5"
source = "registry+https://github.com/rust-lang/crates.io-index"
checksum = "40c48f72fd53cd289104fc64099abca73db4166ad86ea0b4341abe65af83dadc"
dependencies = [
 "windows-sys",
]

[[package]]
name = "anstyle-wincon"
version = "3.0.11"
source = "registry+https://github.com/rust-lang/crates.io-index"
checksum = "291e6a250ff86cd4a820112fb8898808a366d8f9f58ce16d1f538353ad55747d"
dependencies = [
 "anstyle",
 "once_cell_polyfill",
 "windows-sys",
]

[[package]]
name = "arborium"
version = "2.18.0"
source = "registry+https://github.com/rust-lang/crates.io-index"
checksum = "0d278263fcf7110e49a2d9ee2596ea989f36cae23d293628b8dbd48479190e29"
dependencies = [
 "arborium-c",
 "arborium-cpp",
 "arborium-go",
 "arborium-highlight",
 "arborium-javascript",
 "arborium-json",
 "arborium-just",
 "arborium-nix",
 "arborium-python",
 "arborium-rust",
 "arborium-theme",
 "arborium-toml",
 "arborium-tree-sitter",
 "arborium-tsx",
 "arborium-typescript",
 "arborium-typst",
 "arborium-yaml",
 "dlmalloc",
]

[[package]]
name = "arborium-c"
version = "2.18.0"
source = "registry+https://github.com/rust-lang/crates.io-index"
checksum = "f91dc3332dcf7e6e44942e6d6fef29a3fcd273e5ce491df7da8ca3c9b2015f05"
dependencies = [
 "arborium-sysroot",
 "cc",
 "tree-sitter-language",
]

[[package]]
name = "arborium-cpp"
version = "2.18.0"
source = "registry+https://github.com/rust-lang/crates.io-index"
checksum = "a9d9e3ba0f6d8cb83f1d50867204e7fb4c8b2f0ab177c2e9a1344005a6d4fbe6"
dependencies = [
 "arborium-c",
 "arborium-sysroot",
 "cc",
 "tree-sitter-language",
]

[[package]]
name = "arborium-go"
version = "2.18.0"
source = "registry+https://github.com/rust-lang/crates.io-index"
checksum = "609569482fe611af432b0a6a597ea76c1f8d272e53e56104ddc1bb074e9b4bd4"
dependencies = [
 "arborium-sysroot",
 "cc",
 "tree-sitter-language",
]

[[package]]
name = "arborium-highlight"
version = "2.18.0"
source = "registry+https://github.com/rust-lang/crates.io-index"
checksum = "ef4c7ad06bea6a906f62d30787eeb22956a2c72dd093a8bbd3b7a08fae73c4a9"
dependencies = [
 "arborium-theme",
 "arborium-tree-sitter",
 "streaming-iterator",
]

[[package]]
name = "arborium-javascript"
version = "2.18.0"
source = "registry+https://github.com/rust-lang/crates.io-index"
checksum = "d8771bf5fee9ebc8a64bd534248ee1d7fc746fa3b37ee7780d7303bc08c6bf2c"
dependencies = [
 "arborium-jsdoc",
 "arborium-sysroot",
 "cc",
 "tree-sitter-language",
]

[[package]]
name = "arborium-jsdoc"
version = "2.18.0"
source = "registry+https://github.com/rust-lang/crates.io-index"
checksum = "2d7e41ef1d3da000a2364361c0a9df7c119164213640e87581272aab3db3f04f"
dependencies = [
 "arborium-sysroot",
 "cc",
 "tree-sitter-language",
]

[[package]]
name = "arborium-json"
version = "2.18.0"
source = "registry+https://github.com/rust-lang/crates.io-index"
checksum = "43e029f6e6f86b5fd7945cc62d9a51844b05f1ec64bb9a82c783cd5811a45cda"
dependencies = [
 "arborium-sysroot",
 "cc",
 "tree-sitter-language",
]

[[package]]
name = "arborium-just"
version = "2.18.0"
source = "registry+https://github.com/rust-lang/crates.io-index"
checksum = "15e2543c1fe9eddb0eab9f3ad6f1fe7e20cf91b866728829ce474b9926e3c362"
dependencies = [
 "arborium-sysroot",
 "cc",
 "tree-sitter-language",
]

[[package]]
name = "arborium-nix"
version = "2.18.0"
source = "registry+https://github.com/rust-lang/crates.io-index"
checksum = "0b458ce1e0af2c7eef5a1e5b5f5e8ec3a0a9263bed6fd8eb56c98fa06c567f17"
dependencies = [
 "arborium-sysroot",
 "cc",
 "tree-sitter-language",
]

[[package]]
name = "arborium-python"
version = "2.18.0"
source = "registry+https://github.com/rust-lang/crates.io-index"
checksum = "5aef6f35d9a9e54e5c1b80a352c8a4cf7a561c27e22e9d11bcee65858ed178a3"
dependencies = [
 "arborium-sysroot",
 "cc",
 "tree-sitter-language",
]

[[package]]
name = "arborium-rust"
version = "2.18.0"
source = "registry+https://github.com/rust-lang/crates.io-index"
checksum = "27e8f091b327ea55f1fb3ede1ce61068c0576a6cad85e0c44f0a54e2d88abc2b"
dependencies = [
 "arborium-sysroot",
 "cc",
 "tree-sitter-language",
]

[[package]]
name = "arborium-sysroot"
version = "2.18.0"
source = "registry+https://github.com/rust-lang/crates.io-index"
checksum = "9b9ce9dee108d720f7433b99b0d17b15ea6870b89032ce53bd44e78c8687d514"
dependencies = [
 "cc",
 "dlmalloc",
]

[[package]]
name = "arborium-theme"
version = "2.18.0"
source = "registry+https://github.com/rust-lang/crates.io-index"
checksum = "b513088effb64db7d471ddc13d9d4b487b4e74e9d0963c8afb567b3a11445525"

[[package]]
name = "arborium-toml"
version = "2.18.0"
source = "registry+https://github.com/rust-lang/crates.io-index"
checksum = "930c118ffaa8593a1ebc6a2bb771c3bd708b9b0a6a90b17aba76655b8f513777"
dependencies = [
 "arborium-sysroot",
 "cc",
 "tree-sitter-language",
]

[[package]]
name = "arborium-tree-sitter"
version = "2.18.0"
source = "registry+https://github.com/rust-lang/crates.io-index"
checksum = "b9ad69424e8485446412c60b72f6ea33b682d46d85acd8a925e1902d15a4310a"
dependencies = [
 "arborium-sysroot",
 "cc",
 "regex",
 "regex-syntax",
 "streaming-iterator",
 "tree-sitter-language",
]

[[package]]
name = "arborium-tsx"
version = "2.18.0"
source = "registry+https://github.com/rust-lang/crates.io-index"
checksum = "1f19707ebfde2c3e9c982d34788ea8f6da8e9780b468107d3f079e88b180eccf"
dependencies = [
 "arborium-javascript",
 "arborium-sysroot",
 "cc",
 "tree-sitter-language",
]

[[package]]
name = "arborium-typescript"
version = "2.18.0"
source = "registry+https://github.com/rust-lang/crates.io-index"
checksum = "4ecd0de15de9a036af8ca603b1561e0c169dd19f61e6cf55023f40db4591dfdf"
dependencies = [
 "arborium-javascript",
 "arborium-sysroot",
 "cc",
 "tree-sitter-language",
]

[[package]]
name = "arborium-typst"
version = "2.18.0"
source = "registry+https://github.com/rust-lang/crates.io-index"
checksum = "bb1d1bbd1515a380963e0d9f807449879d5ed83fac83ab36f74f706d5a05bba2"
dependencies = [
 "arborium-sysroot",
 "cc",
 "tree-sitter-language",
]

[[package]]
name = "arborium-yaml"
version = "2.18.0"
source = "registry+https://github.com/rust-lang/crates.io-index"
checksum = "73080d216627bbd16feb55a7d64eba4de90bcc08f3bbe8d07835824273ce126f"
dependencies = [
 "arborium-sysroot",
 "cc",
 "tree-sitter-language",
]

[[package]]
name = "assert_cmd"
version = "2.2.2"
source = "registry+https://github.com/rust-lang/crates.io-index"
checksum = "2aa3a22042e45de04255c7bf3626e239f450200fd0493c1e382263544b20aea6"
dependencies = [
 "anstyle",
 "bstr",
 "libc",
 "predicates",
 "predicates-core",
 "predicates-tree",
 "wait-timeout",
]

[[package]]
name = "bstr"
version = "1.12.1"
source = "registry+https://github.com/rust-lang/crates.io-index"
checksum = "63044e1ae8e69f3b5a92c736ca6269b8d12fa7efe39bf34ddb06d102cf0e2cab"
dependencies = [
 "memchr",
 "regex-automata",
 "serde",
]

[[package]]
name = "cc"
version = "1.2.62"
source = "registry+https://github.com/rust-lang/crates.io-index"
checksum = "a1dce859f0832a7d088c4f1119888ab94ef4b5d6795d1ce05afb7fe159d79f98"
dependencies = [
 "find-msvc-tools",
 "shlex",
]

[[package]]
name = "cfg-if"
version = "1.0.4"
source = "registry+https://github.com/rust-lang/crates.io-index"
checksum = "9330f8b2ff13f34540b44e946ef35111825727b38d33286ef986142615121801"

[[package]]
name = "clap"
version = "4.6.1"
source = "registry+https://github.com/rust-lang/crates.io-index"
checksum = "1ddb117e43bbf7dacf0a4190fef4d345b9bad68dfc649cb349e7d17d28428e51"
dependencies = [
 "clap_builder",
 "clap_derive",
]

[[package]]
name = "clap_builder"
version = "4.6.0"
source = "registry+https://github.com/rust-lang/crates.io-index"
checksum = "714a53001bf66416adb0e2ef5ac857140e7dc3a0c48fb28b2f10762fc4b5069f"
dependencies = [
 "anstream",
 "anstyle",
 "clap_lex",
 "strsim",
]

[[package]]
name = "clap_derive"
version = "4.6.1"
source = "registry+https://github.com/rust-lang/crates.io-index"
checksum = "f2ce8604710f6733aa641a2b3731eaa1e8b3d9973d5e3565da11800813f997a9"
dependencies = [
 "heck",
 "proc-macro2",
 "quote",
 "syn",
]

[[package]]
name = "clap_lex"
version = "1.1.0"
source = "registry+https://github.com/rust-lang/crates.io-index"
checksum = "c8d4a3bb8b1e0c1050499d1815f5ab16d04f0959b233085fb31653fbfc9d98f9"

[[package]]
name = "colorchoice"
version = "1.0.5"
source = "registry+https://github.com/rust-lang/crates.io-index"
checksum = "1d07550c9036bf2ae0c684c4297d503f838287c83c53686d05370d0e139ae570"

[[package]]
name = "crossbeam-deque"
version = "0.8.6"
source = "registry+https://github.com/rust-lang/crates.io-index"
checksum = "9dd111b7b7f7d55b72c0a6ae361660ee5853c9af73f70c3c2ef6858b950e2e51"
dependencies = [
 "crossbeam-epoch",
 "crossbeam-utils",
]

[[package]]
name = "crossbeam-epoch"
version = "0.9.18"
source = "registry+https://github.com/rust-lang/crates.io-index"
checksum = "5b82ac4a3c2ca9c3460964f020e1402edd5753411d7737aa39c3714ad1b5420e"
dependencies = [
 "crossbeam-utils",
]

[[package]]
name = "crossbeam-utils"
version = "0.8.21"
source = "registry+https://github.com/rust-lang/crates.io-index"
checksum = "d0a5c400df2834b80a4c3327b3aad3a4c4cd4de0629063962b03235697506a28"

[[package]]
name = "difflib"
version = "0.4.0"
source = "registry+https://github.com/rust-lang/crates.io-index"
checksum = "6184e33543162437515c2e2b48714794e37845ec9851711914eec9d308f6ebe8"

[[package]]
name = "dlmalloc"
version = "0.2.14"
source = "registry+https://github.com/rust-lang/crates.io-index"
checksum = "ad5208a115eaba24916f7456929832e310a81518c641f93fee4f89aa93aa3675"
dependencies = [
 "cfg-if",
 "libc",
 "windows-sys",
]

[[package]]
name = "find-msvc-tools"
version = "0.1.9"
source = "registry+https://github.com/rust-lang/crates.io-index"
checksum = "5baebc0774151f905a1a2cc41989300b1e6fbb29aff0ceffa1064fdd3088d582"

[[package]]
name = "globset"
version = "0.4.18"
source = "registry+https://github.com/rust-lang/crates.io-index"
checksum = "52dfc19153a48bde0cbd630453615c8151bce3a5adfac7a0aebfbf0a1e1f57e3"
dependencies = [
 "aho-corasick",
 "bstr",
 "log",
 "regex-automata",
 "regex-syntax",
]

[[package]]
name = "heck"
version = "0.5.0"
source = "registry+https://github.com/rust-lang/crates.io-index"
checksum = "2304e00983f87ffb38b55b444b5e3b60a884b5d30c0fca7d82fe33449bbe55ea"

[[package]]
name = "ignore"
version = "0.4.25"
source = "registry+https://github.com/rust-lang/crates.io-index"
checksum = "d3d782a365a015e0f5c04902246139249abf769125006fbe7649e2ee88169b4a"
dependencies = [
 "crossbeam-deque",
 "globset",
 "log",
 "memchr",
 "regex-automata",
 "same-file",
 "walkdir",
 "winapi-util",
]

[[package]]
name = "is_terminal_polyfill"
version = "1.70.2"
source = "registry+https://github.com/rust-lang/crates.io-index"
checksum = "a6cb138bb79a146c1bd460005623e142ef0181e3d0219cb493e02f7d08a35695"

[[package]]
name = "libc"
version = "0.2.186"
source = "registry+https://github.com/rust-lang/crates.io-index"
checksum = "68ab91017fe16c622486840e4c83c9a37afeff978bd239b5293d61ece587de66"

[[package]]
name = "log"
version = "0.4.29"
source = "registry+https://github.com/rust-lang/crates.io-index"
checksum = "5e5032e24019045c762d3c0f28f5b6b8bbf38563a65908389bf7978758920897"

[[package]]
name = "lupa"
version = "0.1.0"
dependencies = [
 "arborium",
 "assert_cmd",
 "clap",
 "ignore",
]

[[package]]
name = "memchr"
version = "2.8.0"
source = "registry+https://github.com/rust-lang/crates.io-index"
checksum = "f8ca58f447f06ed17d5fc4043ce1b10dd205e060fb3ce5b979b8ed8e59ff3f79"

[[package]]
name = "once_cell_polyfill"
version = "1.70.2"
source = "registry+https://github.com/rust-lang/crates.io-index"
checksum = "384b8ab6d37215f3c5301a95a4accb5d64aa607f1fcb26a11b5303878451b4fe"

[[package]]
name = "predicates"
version = "3.1.4"
source = "registry+https://github.com/rust-lang/crates.io-index"
checksum = "ada8f2932f28a27ee7b70dd6c1c39ea0675c55a36879ab92f3a715eaa1e63cfe"
dependencies = [
 "anstyle",
 "difflib",
 "predicates-core",
]

[[package]]
name = "predicates-core"
version = "1.0.10"
source = "registry+https://github.com/rust-lang/crates.io-index"
checksum = "cad38746f3166b4031b1a0d39ad9f954dd291e7854fcc0eed52ee41a0b50d144"

[[package]]
name = "predicates-tree"
version = "1.0.13"
source = "registry+https://github.com/rust-lang/crates.io-index"
checksum = "d0de1b847b39c8131db0467e9df1ff60e6d0562ab8e9a16e568ad0fdb372e2f2"
dependencies = [
 "predicates-core",
 "termtree",
]

[[package]]
name = "proc-macro2"
version = "1.0.106"
source = "registry+https://github.com/rust-lang/crates.io-index"
checksum = "8fd00f0bb2e90d81d1044c2b32617f68fcb9fa3bb7640c23e9c748e53fb30934"
dependencies = [
 "unicode-ident",
]

[[package]]
name = "quote"
version = "1.0.45"
source = "registry+https://github.com/rust-lang/crates.io-index"
checksum = "41f2619966050689382d2b44f664f4bc593e129785a36d6ee376ddf37259b924"
dependencies = [
 "proc-macro2",
]

[[package]]
name = "regex"
version = "1.12.3"
source = "registry+https://github.com/rust-lang/crates.io-index"
checksum = "e10754a14b9137dd7b1e3e5b0493cc9171fdd105e0ab477f51b72e7f3ac0e276"
dependencies = [
 "aho-corasick",
 "memchr",
 "regex-automata",
 "regex-syntax",
]

[[package]]
name = "regex-automata"
version = "0.4.14"
source = "registry+https://github.com/rust-lang/crates.io-index"
checksum = "6e1dd4122fc1595e8162618945476892eefca7b88c52820e74af6262213cae8f"
dependencies = [
 "aho-corasick",
 "memchr",
 "regex-syntax",
]

[[package]]
name = "regex-syntax"
version = "0.8.10"
source = "registry+https://github.com/rust-lang/crates.io-index"
checksum = "dc897dd8d9e8bd1ed8cdad82b5966c3e0ecae09fb1907d58efaa013543185d0a"

[[package]]
name = "same-file"
version = "1.0.6"
source = "registry+https://github.com/rust-lang/crates.io-index"
checksum = "93fc1dc3aaa9bfed95e02e6eadabb4baf7e3078b0bd1b4d7b6b0b68378900502"
dependencies = [
 "winapi-util",
]

[[package]]
name = "serde"
version = "1.0.228"
source = "registry+https://github.com/rust-lang/crates.io-index"
checksum = "9a8e94ea7f378bd32cbbd37198a4a91436180c5bb472411e48b5ec2e2124ae9e"
dependencies = [
 "serde_core",
]

[[package]]
name = "serde_core"
version = "1.0.228"
source = "registry+https://github.com/rust-lang/crates.io-index"
checksum = "41d385c7d4ca58e59fc732af25c3983b67ac852c1a25000afe1175de458b67ad"
dependencies = [
 "serde_derive",
]

[[package]]
name = "serde_derive"
version = "1.0.228"
source = "registry+https://github.com/rust-lang/crates.io-index"
checksum = "d540f220d3187173da220f885ab66608367b6574e925011a9353e4badda91d79"
dependencies = [
 "proc-macro2",
 "quote",
 "syn",
]

[[package]]
name = "shlex"
version = "1.3.0"
source = "registry+https://github.com/rust-lang/crates.io-index"
checksum = "0fda2ff0d084019ba4d7c6f371c95d8fd75ce3524c3cb8fb653a3023f6323e64"

[[package]]
name = "streaming-iterator"
version = "0.1.9"
source = "registry+https://github.com/rust-lang/crates.io-index"
checksum = "2b2231b7c3057d5e4ad0156fb3dc807d900806020c5ffa3ee6ff2c8c76fb8520"

[[package]]
name = "strsim"
version = "0.11.1"
source = "registry+https://github.com/rust-lang/crates.io-index"
checksum = "7da8b5736845d9f2fcb837ea5d9e2628564b3b043a70948a3f0b778838c5fb4f"

[[package]]
name = "syn"
version = "2.0.117"
source = "registry+https://github.com/rust-lang/crates.io-index"
checksum = "e665b8803e7b1d2a727f4023456bbbbe74da67099c585258af0ad9c5013b9b99"
dependencies = [
 "proc-macro2",
 "quote",
 "unicode-ident",
]

[[package]]
name = "termtree"
version = "0.5.1"
source = "registry+https://github.com/rust-lang/crates.io-index"
checksum = "8f50febec83f5ee1df3015341d8bd429f2d1cc62bcba7ea2076759d315084683"

[[package]]
name = "tree-sitter-language"
version = "0.1.7"
source = "registry+https://github.com/rust-lang/crates.io-index"
checksum = "009994f150cc0cd50ff54917d5bc8bffe8cad10ca10d81c34da2ec421ae61782"

[[package]]
name = "unicode-ident"
version = "1.0.24"
source = "registry+https://github.com/rust-lang/crates.io-index"
checksum = "e6e4313cd5fcd3dad5cafa179702e2b244f760991f45397d14d4ebf38247da75"

[[package]]
name = "utf8parse"
version = "0.2.2"
source = "registry+https://github.com/rust-lang/crates.io-index"
checksum = "06abde3611657adf66d383f00b093d7faecc7fa57071cce2578660c9f1010821"

[[package]]
name = "wait-timeout"
version = "0.2.1"
source = "registry+https://github.com/rust-lang/crates.io-index"
checksum = "09ac3b126d3914f9849036f826e054cbabdc8519970b8998ddaf3b5bd3c65f11"
dependencies = [
 "libc",
]

[[package]]
name = "walkdir"
version = "2.5.0"
source = "registry+https://github.com/rust-lang/crates.io-index"
checksum = "29790946404f91d9c5d06f9874efddea1dc06c5efe94541a7d6863108e3a5e4b"
dependencies = [
 "same-file",
 "winapi-util",
]

[[package]]
name = "winapi-util"
version = "0.1.11"
source = "registry+https://github.com/rust-lang/crates.io-index"
checksum = "c2a7b1c03c876122aa43f3020e6c3c3ee5c05081c9a00739faf7503aeba10d22"
dependencies = [
 "windows-sys",
]

[[package]]
name = "windows-link"
version = "0.2.1"
source = "registry+https://github.com/rust-lang/crates.io-index"
checksum = "f0805222e57f7521d6a62e36fa9163bc891acd422f971defe97d64e70d0a4fe5"

[[package]]
name = "windows-sys"
version = "0.61.2"
source = "registry+https://github.com/rust-lang/crates.io-index"
checksum = "ae137229bcbd6cdf0f7b80a31df61766145077ddf49416a728b02cb3921ff3fc"
dependencies = [
 "windows-link",
]
